
Microsoft Visual Studio Solution File, Format Version 12.00
# Visual Studio Version 16
VisualStudioVersion = 16.0.31613.86
MinimumVisualStudioVersion = 10.0.40219.1
Project("{FAE04EC0-301F-11D3-BF4B-00C04F79EFBC}") = "SchoolEntities", "SchoolEntities\SchoolEntities.csproj", "{32BADE28-75B6-4D2F-9E07-4D9BC9195D1C}"
EndProject
Project("{FAE04EC0-301F-11D3-BF4B-00C04F79EFBC}") = "SchoolDAL", "SchoolDAL\SchoolDAL.csproj", "{93F73F16-6762-4B5A-BAEA-DDACB83F6870}"
EndProject
Project("{FAE04EC0-301F-11D3-BF4B-00C04F79EFBC}") = "SchoolBLL", "SchoolBLL\SchoolBLL.csproj", "{910596B1-3AB5-4D94-9CC6-929E7EB0EFB7}"
EndProject
Project("{FAE04EC0-301F-11D3-BF4B-00C04F79EFBC}") = "SchoolWEB", "SchoolWEB\SchoolWEB.csproj", "{57FC716A-2664-4BE1-A274-9B73E816426A}"
EndProject
Global
	GlobalSection(SolutionConfigurationPlatforms) = preSolution
		Debug|Any CPU = Debug|Any CPU
		Release|Any CPU = Release|Any CPU
	EndGlobalSection
	GlobalSection(ProjectConfigurationPlatforms) = postSolution
		{32BADE28-75B6-4D2F-9E07-4D9BC9195D1C}.Debug|Any CPU.ActiveCfg = Debug|Any CPU
		{32BADE28-75B6-4D2F-9E07-4D9BC9195D1C}.Debug|Any CPU.Build.0 = Debug|Any CPU
		{32BADE28-75B6-4D2F-9E07-4D9BC9195D1C}.Release|Any CPU.ActiveCfg = Release|Any CPU
		{32BADE28-75B6-4D2F-9E07-4D9BC9195D1C}.Release|Any CPU.Build.0 = Release|Any CPU
		{93F73F16-6762-4B5A-BAEA-DDACB83F6870}.Debug|Any CPU.ActiveCfg = Debug|Any CPU
		{93F73F16-6762-4B5A-BAEA-DDACB83F6870}.Debug|Any CPU.Build.0 = Debug|Any CPU
		{93F73F16-6762-4B5A-BAEA-DDACB83F6870}.Release|Any CPU.ActiveCfg = Release|Any CPU
		{93F73F16-6762-4B5A-BAEA-DDACB83F6870}.Release|Any CPU.Build.0 = Release|Any CPU
		{910596B1-3AB5-4D94-9CC6-929E7EB0EFB7}.Debug|Any CPU.ActiveCfg = Debug|Any CPU
		{910596B1-3AB5-4D94-9CC6-929E7EB0EFB7}.Debug|Any CPU.Build.0 = Debug|Any CPU
		{910596B1-3AB5-4D94-9CC6-929E7EB0EFB7}.Release|Any CPU.ActiveCfg = Release|Any CPU
		{910596B1-3AB5-4D94-9CC6-929E7EB0EFB7}.Release|Any CPU.Build.0 = Release|Any CPU
		{57FC716A-2664-4BE1-A274-9B73E816426A}.Debug|Any CPU.ActiveCfg = Debug|Any CPU
		{57FC716A-2664-4BE1-A274-9B73E816426A}.Debug|Any CPU.Build.0 = Debug|Any CPU
		{57FC716A-2664-4BE1-A274-9B73E816426A}.Release|Any CPU.ActiveCfg = Release|Any CPU
		{57FC716A-2664-4BE1-A274-9B73E816426A}.Release|Any CPU.Build.0 = Release|Any CPU
	EndGlobalSection
	GlobalSection(SolutionProperties) = preSolution
		HideSolutionNode = FALSE
	EndGlobalSection
	GlobalSection(ExtensibilityGlobals) = postSolution
		SolutionGuid = {332297B2-98F9-40FF-AF41-99D105111C73}
	EndGlobalSection
EndGlobal
