
Microsoft Visual Studio Solution File, Format Version 12.00
# Visual Studio Version 16
VisualStudioVersion = 16.0.31613.86
MinimumVisualStudioVersion = 10.0.40219.1
Project("{FAE04EC0-301F-11D3-BF4B-00C04F79EFBC}") = "lab10", "lab10.csproj", "{90FFAC05-19E2-4512-95C7-55C4DDE88325}"
EndProject
Global
	GlobalSection(SolutionConfigurationPlatforms) = preSolution
		Debug|Any CPU = Debug|Any CPU
		Release|Any CPU = Release|Any CPU
	EndGlobalSection
	GlobalSection(ProjectConfigurationPlatforms) = postSolution
		{90FFAC05-19E2-4512-95C7-55C4DDE88325}.Debug|Any CPU.ActiveCfg = Debug|Any CPU
		{90FFAC05-19E2-4512-95C7-55C4DDE88325}.Debug|Any CPU.Build.0 = Debug|Any CPU
		{90FFAC05-19E2-4512-95C7-55C4DDE88325}.Release|Any CPU.ActiveCfg = Release|Any CPU
		{90FFAC05-19E2-4512-95C7-55C4DDE88325}.Release|Any CPU.Build.0 = Release|Any CPU
	EndGlobalSection
	GlobalSection(SolutionProperties) = preSolution
		HideSolutionNode = FALSE
	EndGlobalSection
	GlobalSection(ExtensibilityGlobals) = postSolution
		SolutionGuid = {F706619A-3C81-4076-8176-8216A1456610}
	EndGlobalSection
EndGlobal
