
Microsoft Visual Studio Solution File, Format Version 12.00
# Visual Studio Version 16
VisualStudioVersion = 16.0.31613.86
MinimumVisualStudioVersion = 10.0.40219.1
Project("{FAE04EC0-301F-11D3-BF4B-00C04F79EFBC}") = "Lab14", "Lab14.csproj", "{9CDCC1A2-5445-4FF7-9898-D1FDBBE00895}"
EndProject
Global
	GlobalSection(SolutionConfigurationPlatforms) = preSolution
		Debug|Any CPU = Debug|Any CPU
		Release|Any CPU = Release|Any CPU
	EndGlobalSection
	GlobalSection(ProjectConfigurationPlatforms) = postSolution
		{9CDCC1A2-5445-4FF7-9898-D1FDBBE00895}.Debug|Any CPU.ActiveCfg = Debug|Any CPU
		{9CDCC1A2-5445-4FF7-9898-D1FDBBE00895}.Debug|Any CPU.Build.0 = Debug|Any CPU
		{9CDCC1A2-5445-4FF7-9898-D1FDBBE00895}.Release|Any CPU.ActiveCfg = Release|Any CPU
		{9CDCC1A2-5445-4FF7-9898-D1FDBBE00895}.Release|Any CPU.Build.0 = Release|Any CPU
	EndGlobalSection
	GlobalSection(SolutionProperties) = preSolution
		HideSolutionNode = FALSE
	EndGlobalSection
	GlobalSection(ExtensibilityGlobals) = postSolution
		SolutionGuid = {FF7CCC04-FA92-4BBE-BE2E-6AB26C889D86}
	EndGlobalSection
EndGlobal
